{
  "version": 4,
  "terraform_version": "0.12.28",
  "serial": 19,
  "lineage": "fd6899e0-0cf6-87f2-389c-ae79f9a280c7",
  "outputs": {},
  "resources": [
    {
      "mode": "managed",
      "type": "helm_release",
      "name": "cert-manager",
      "provider": "provider.helm",
      "instances": [
        {
          "schema_version": 0,
          "attributes": {
            "atomic": false,
            "chart": "jetstack/cert-manager ",
            "cleanup_on_fail": false,
            "create_namespace": false,
            "dependency_update": false,
            "description": null,
            "devel": null,
            "disable_crd_hooks": false,
            "disable_openapi_validation": false,
            "disable_webhooks": false,
            "force_update": false,
            "id": "cert-manager",
            "keyring": null,
            "lint": false,
            "max_history": 0,
            "metadata": [
              {
                "chart": "cert-manager",
                "name": "cert-manager",
                "namespace": "cert-manager",
                "revision": 1,
                "values": "null",
                "version": "v0.15.1"
              }
            ],
            "name": "cert-manager",
            "namespace": "cert-manager",
            "postrender": [],
            "recreate_pods": false,
            "render_subchart_notes": true,
            "replace": false,
            "repository": null,
            "repository_ca_file": null,
            "repository_cert_file": null,
            "repository_key_file": null,
            "repository_password": null,
            "repository_username": null,
            "reset_values": false,
            "reuse_values": false,
            "set": [],
            "set_sensitive": [],
            "set_string": [],
            "skip_crds": false,
            "status": "deployed",
            "timeout": 300,
            "values": null,
            "verify": false,
            "version": "v0.15.1",
            "wait": true
          },
          "private": "bnVsbA=="
        }
      ]
    },
    {
      "mode": "managed",
      "type": "helm_release",
      "name": "docker-registry-certs",
      "provider": "provider.helm",
      "instances": [
        {
          "schema_version": 0,
          "attributes": {
            "atomic": false,
            "chart": "../helmcharts/docker-registry-cert",
            "cleanup_on_fail": false,
            "create_namespace": false,
            "dependency_update": false,
            "description": null,
            "devel": null,
            "disable_crd_hooks": false,
            "disable_openapi_validation": false,
            "disable_webhooks": false,
            "force_update": false,
            "id": "docker-registry-certs",
            "keyring": null,
            "lint": false,
            "max_history": 0,
            "metadata": [
              {
                "chart": "docker-registry-cert",
                "name": "docker-registry-certs",
                "namespace": "test",
                "revision": 1,
                "values": "{\"certName\":\"docker-registry-cert\",\"domain\":\"www.sweetmemoryalbums.com\",\"email\":\"fritz@duchardt\"}",
                "version": "0.1.0"
              }
            ],
            "name": "docker-registry-certs",
            "namespace": "test",
            "postrender": [],
            "recreate_pods": false,
            "render_subchart_notes": true,
            "replace": false,
            "repository": null,
            "repository_ca_file": null,
            "repository_cert_file": null,
            "repository_key_file": null,
            "repository_password": null,
            "repository_username": null,
            "reset_values": false,
            "reuse_values": false,
            "set": [
              {
                "name": "certName",
                "type": "",
                "value": "docker-registry-cert"
              },
              {
                "name": "domain",
                "type": "",
                "value": "www.sweetmemoryalbums.com"
              },
              {
                "name": "email",
                "type": "",
                "value": "fritz@duchardt"
              }
            ],
            "set_sensitive": [],
            "set_string": [],
            "skip_crds": false,
            "status": "deployed",
            "timeout": 300,
            "values": null,
            "verify": false,
            "version": "0.1.0",
            "wait": true
          },
          "private": "bnVsbA=="
        }
      ]
    },
    {
      "mode": "managed",
      "type": "kubernetes_config_map",
      "name": "docker-registry-config",
      "provider": "provider.kubernetes",
      "instances": [
        {
          "schema_version": 0,
          "attributes": {
            "binary_data": {},
            "data": {
              "config.yml": "  version: 0.1\n  log:\n    fields:\n      service: registry\n  storage:\n    cache:\n      blobdescriptor: inmemory\n    filesystem:\n      rootdirectory: /var/lib/registry\n  http:\n    addr: :5000\n    headers:\n      X-Content-Type-Options: [nosniff]\n  auth:\n    htpasswd:\n      realm: basic-realm\n      path: /auth/htpasswd\n  health:\n    storagedriver:\n      enabled: true\n      interval: 10s\n      threshold: 3\n"
            },
            "id": "test/docker-registry-config",
            "metadata": [
              {
                "annotations": {},
                "generate_name": "",
                "generation": 0,
                "labels": {},
                "name": "docker-registry-config",
                "namespace": "test",
                "resource_version": "538824842",
                "self_link": "/api/v1/namespaces/test/configmaps/docker-registry-config",
                "uid": "fbb7a9b7-28bd-4ad3-965b-205f6afda53c"
              }
            ]
          },
          "private": "bnVsbA=="
        }
      ]
    },
    {
      "mode": "managed",
      "type": "kubernetes_deployment",
      "name": "docker-registry",
      "provider": "provider.kubernetes",
      "instances": [
        {
          "schema_version": 0,
          "attributes": {
            "id": "test/test",
            "metadata": [
              {
                "annotations": {},
                "generate_name": "",
                "generation": 1,
                "labels": {
                  "app": "docker-registry"
                },
                "name": "test",
                "namespace": "test",
                "resource_version": "538872294",
                "self_link": "/apis/apps/v1/namespaces/test/deployments/test",
                "uid": "204cd6fa-d2ef-401d-ac54-b9c8988a5339"
              }
            ],
            "spec": [
              {
                "min_ready_seconds": 0,
                "paused": false,
                "progress_deadline_seconds": 600,
                "replicas": 1,
                "revision_history_limit": 10,
                "selector": [
                  {
                    "match_expressions": [],
                    "match_labels": {
                      "app": "docker-registry"
                    }
                  }
                ],
                "strategy": [
                  {
                    "rolling_update": [
                      {
                        "max_surge": "25%",
                        "max_unavailable": "25%"
                      }
                    ],
                    "type": "RollingUpdate"
                  }
                ],
                "template": [
                  {
                    "metadata": [
                      {
                        "annotations": {},
                        "generate_name": "",
                        "generation": 0,
                        "labels": {
                          "app": "docker-registry"
                        },
                        "name": "",
                        "namespace": "",
                        "resource_version": "",
                        "self_link": "",
                        "uid": ""
                      }
                    ],
                    "spec": [
                      {
                        "active_deadline_seconds": 0,
                        "affinity": [],
                        "automount_service_account_token": false,
                        "container": [
                          {
                            "args": [],
                            "command": [],
                            "env": [],
                            "env_from": [],
                            "image": "registry:2.6.2",
                            "image_pull_policy": "IfNotPresent",
                            "lifecycle": [],
                            "liveness_probe": [],
                            "name": "docker-registry",
                            "port": [],
                            "readiness_probe": [],
                            "resources": [
                              {
                                "limits": [],
                                "requests": []
                              }
                            ],
                            "security_context": [],
                            "startup_probe": [],
                            "stdin": false,
                            "stdin_once": false,
                            "termination_message_path": "/dev/termination-log",
                            "tty": false,
                            "volume_mount": [
                              {
                                "mount_path": "/etc/docker/registry",
                                "mount_propagation": "None",
                                "name": "config",
                                "read_only": true,
                                "sub_path": ""
                              },
                              {
                                "mount_path": "/auth",
                                "mount_propagation": "None",
                                "name": "htpasswd",
                                "read_only": true,
                                "sub_path": ""
                              },
                              {
                                "mount_path": "/var/lib/registry",
                                "mount_propagation": "None",
                                "name": "storage",
                                "read_only": false,
                                "sub_path": ""
                              }
                            ],
                            "working_dir": ""
                          }
                        ],
                        "dns_config": [],
                        "dns_policy": "ClusterFirst",
                        "host_aliases": [],
                        "host_ipc": false,
                        "host_network": false,
                        "host_pid": false,
                        "hostname": "",
                        "image_pull_secrets": [],
                        "init_container": [],
                        "node_name": "",
                        "node_selector": {},
                        "priority_class_name": "",
                        "restart_policy": "Always",
                        "security_context": [],
                        "service_account_name": "",
                        "share_process_namespace": false,
                        "subdomain": "",
                        "termination_grace_period_seconds": 30,
                        "toleration": [],
                        "volume": [
                          {
                            "aws_elastic_block_store": [],
                            "azure_disk": [],
                            "azure_file": [],
                            "ceph_fs": [],
                            "cinder": [],
                            "config_map": [
                              {
                                "default_mode": "0644",
                                "items": [],
                                "name": "docker-registry-config",
                                "optional": false
                              }
                            ],
                            "csi": [],
                            "downward_api": [],
                            "empty_dir": [],
                            "fc": [],
                            "flex_volume": [],
                            "flocker": [],
                            "gce_persistent_disk": [],
                            "git_repo": [],
                            "glusterfs": [],
                            "host_path": [],
                            "iscsi": [],
                            "local": [],
                            "name": "config",
                            "nfs": [],
                            "persistent_volume_claim": [],
                            "photon_persistent_disk": [],
                            "quobyte": [],
                            "rbd": [],
                            "secret": [],
                            "vsphere_volume": []
                          },
                          {
                            "aws_elastic_block_store": [],
                            "azure_disk": [],
                            "azure_file": [],
                            "ceph_fs": [],
                            "cinder": [],
                            "config_map": [],
                            "csi": [],
                            "downward_api": [],
                            "empty_dir": [],
                            "fc": [],
                            "flex_volume": [],
                            "flocker": [],
                            "gce_persistent_disk": [],
                            "git_repo": [],
                            "glusterfs": [],
                            "host_path": [],
                            "iscsi": [],
                            "local": [],
                            "name": "htpasswd",
                            "nfs": [],
                            "persistent_volume_claim": [],
                            "photon_persistent_disk": [],
                            "quobyte": [],
                            "rbd": [],
                            "secret": [
                              {
                                "default_mode": "0644",
                                "items": [
                                  {
                                    "key": "HTPASSWD",
                                    "mode": "",
                                    "path": "htpasswd"
                                  }
                                ],
                                "optional": false,
                                "secret_name": "docker-registry-secret"
                              }
                            ],
                            "vsphere_volume": []
                          },
                          {
                            "aws_elastic_block_store": [],
                            "azure_disk": [],
                            "azure_file": [],
                            "ceph_fs": [],
                            "cinder": [],
                            "config_map": [],
                            "csi": [],
                            "downward_api": [],
                            "empty_dir": [
                              {
                                "medium": ""
                              }
                            ],
                            "fc": [],
                            "flex_volume": [],
                            "flocker": [],
                            "gce_persistent_disk": [],
                            "git_repo": [],
                            "glusterfs": [],
                            "host_path": [],
                            "iscsi": [],
                            "local": [],
                            "name": "storage",
                            "nfs": [],
                            "persistent_volume_claim": [],
                            "photon_persistent_disk": [],
                            "quobyte": [],
                            "rbd": [],
                            "secret": [],
                            "vsphere_volume": []
                          }
                        ]
                      }
                    ]
                  }
                ]
              }
            ],
            "timeouts": null
          },
          "private": "eyJlMmJmYjczMC1lY2FhLTExZTYtOGY4OC0zNDM2M2JjN2M0YzAiOnsiY3JlYXRlIjo2MDAwMDAwMDAwMDAsImRlbGV0ZSI6NjAwMDAwMDAwMDAwLCJ1cGRhdGUiOjYwMDAwMDAwMDAwMH19"
        }
      ]
    },
    {
      "mode": "managed",
      "type": "kubernetes_ingress",
      "name": "docker-registry",
      "provider": "provider.kubernetes",
      "instances": [
        {
          "schema_version": 0,
          "attributes": {
            "id": "test/docker-registry",
            "load_balancer_ingress": [
              {
                "hostname": "",
                "ip": "157.97.110.250"
              }
            ],
            "metadata": [
              {
                "annotations": {
                  "kubernetes.io/ingress.class": "nginx",
                  "nginx.ingress.kubernetes.io/proxy-body-size": "0"
                },
                "generate_name": "",
                "generation": 1,
                "labels": {},
                "name": "docker-registry",
                "namespace": "test",
                "resource_version": "538826436",
                "self_link": "/apis/extensions/v1beta1/namespaces/test/ingresses/docker-registry",
                "uid": "ec910624-c3dd-462f-9f75-573a2721515b"
              }
            ],
            "spec": [
              {
                "backend": [],
                "rule": [
                  {
                    "host": "www.sweetmemoryalbums.com",
                    "http": [
                      {
                        "path": [
                          {
                            "backend": [
                              {
                                "service_name": "docker-registry",
                                "service_port": "5000"
                              }
                            ],
                            "path": ""
                          }
                        ]
                      }
                    ]
                  }
                ],
                "tls": [
                  {
                    "hosts": [
                      "www.sweetmemoryalbums.com"
                    ],
                    "secret_name": "docker-registry-cert"
                  }
                ]
              }
            ],
            "wait_for_load_balancer": false
          },
          "private": "bnVsbA=="
        }
      ]
    },
    {
      "mode": "managed",
      "type": "kubernetes_namespace",
      "name": "certmanager-namespace",
      "provider": "provider.kubernetes",
      "instances": [
        {
          "schema_version": 0,
          "attributes": {
            "id": "cert-manager",
            "metadata": [
              {
                "annotations": {},
                "generate_name": "",
                "generation": 0,
                "labels": {},
                "name": "cert-manager",
                "resource_version": "538902685",
                "self_link": "/api/v1/namespaces/cert-manager",
                "uid": "2b1c5fbb-05c6-45e3-8c44-d80414c11741"
              }
            ],
            "timeouts": null
          },
          "private": "eyJlMmJmYjczMC1lY2FhLTExZTYtOGY4OC0zNDM2M2JjN2M0YzAiOnsiZGVsZXRlIjozMDAwMDAwMDAwMDB9fQ=="
        }
      ]
    },
    {
      "mode": "managed",
      "type": "kubernetes_namespace",
      "name": "docker-registry",
      "provider": "provider.kubernetes",
      "instances": [
        {
          "schema_version": 0,
          "attributes": {
            "id": "test",
            "metadata": [
              {
                "annotations": {},
                "generate_name": "",
                "generation": 0,
                "labels": {},
                "name": "test",
                "resource_version": "538824834",
                "self_link": "/api/v1/namespaces/test",
                "uid": "599fb4d6-d9d5-431b-98f2-a1d59b1d4584"
              }
            ],
            "timeouts": null
          },
          "private": "eyJlMmJmYjczMC1lY2FhLTExZTYtOGY4OC0zNDM2M2JjN2M0YzAiOnsiZGVsZXRlIjozMDAwMDAwMDAwMDB9fQ=="
        }
      ]
    },
    {
      "mode": "managed",
      "type": "kubernetes_secret",
      "name": "docker-registry-dockerconfig",
      "provider": "provider.kubernetes",
      "instances": [
        {
          "schema_version": 0,
          "attributes": {
            "data": {
              ".dockerconfigjson": "{\"auths\":{\"www.sweetmemoryalbums.com\":{\"username\":\"admin\",\"password\":\"admin123\"}}}"
            },
            "id": "test/docker-registry-dockerconfig",
            "metadata": [
              {
                "annotations": {},
                "generate_name": "",
                "generation": 0,
                "labels": {},
                "name": "docker-registry-dockerconfig",
                "namespace": "test",
                "resource_version": "538824839",
                "self_link": "/api/v1/namespaces/test/secrets/docker-registry-dockerconfig",
                "uid": "0622512b-1252-49b2-aca3-21cbf882d6c0"
              }
            ],
            "type": "kubernetes.io/dockerconfigjson"
          },
          "private": "bnVsbA=="
        }
      ]
    },
    {
      "mode": "managed",
      "type": "kubernetes_secret",
      "name": "docker-registry-secret",
      "provider": "provider.kubernetes",
      "instances": [
        {
          "schema_version": 0,
          "attributes": {
            "data": {
              "HTPASSWD": "admin:$2y$05$FrMleVzxTLTkXye4lrOua.0D5uFuyJImwo7sIcR1F5imubl/w2bsq"
            },
            "id": "test/docker-registry-secret",
            "metadata": [
              {
                "annotations": {},
                "generate_name": "",
                "generation": 0,
                "labels": {},
                "name": "docker-registry-secret",
                "namespace": "test",
                "resource_version": "538824840",
                "self_link": "/api/v1/namespaces/test/secrets/docker-registry-secret",
                "uid": "4c056129-6076-4d61-9460-30ba9c4102aa"
              }
            ],
            "type": "Opaque"
          },
          "private": "bnVsbA=="
        }
      ]
    },
    {
      "mode": "managed",
      "type": "kubernetes_service",
      "name": "docker-registry",
      "provider": "provider.kubernetes",
      "instances": [
        {
          "schema_version": 0,
          "attributes": {
            "id": "test/docker-registry",
            "load_balancer_ingress": [],
            "metadata": [
              {
                "annotations": {},
                "generate_name": "",
                "generation": 0,
                "labels": {},
                "name": "docker-registry",
                "namespace": "test",
                "resource_version": "538824854",
                "self_link": "/api/v1/namespaces/test/services/docker-registry",
                "uid": "8709479d-f77e-4433-b6a2-2d8f3665d04d"
              }
            ],
            "spec": [
              {
                "cluster_ip": "10.233.48.226",
                "external_ips": [],
                "external_name": "",
                "external_traffic_policy": "",
                "load_balancer_ip": "",
                "load_balancer_source_ranges": [],
                "port": [
                  {
                    "name": "http",
                    "node_port": 0,
                    "port": 5000,
                    "protocol": "TCP",
                    "target_port": "5000"
                  }
                ],
                "publish_not_ready_addresses": false,
                "selector": {
                  "app": "docker-registry"
                },
                "session_affinity": "None",
                "type": "ClusterIP"
              }
            ],
            "timeouts": null
          },
          "private": "eyJlMmJmYjczMC1lY2FhLTExZTYtOGY4OC0zNDM2M2JjN2M0YzAiOnsiY3JlYXRlIjo2MDAwMDAwMDAwMDB9fQ=="
        }
      ]
    }
  ]
}
